
Microsoft Visual Studio Solution File, Format Version 12.00
# Visual Studio Version 16
VisualStudioVersion = 16.0.34601.136
MinimumVisualStudioVersion = 10.0.40219.1
Project("{FAE04EC0-301F-11D3-BF4B-00C04F79EFBC}") = "POO", "POO\POO.csproj", "{5B443477-1187-4ED6-92AD-C00653EFF9DB}"
EndProject
Global
	GlobalSection(SolutionConfigurationPlatforms) = preSolution
		Debug|Any CPU = Debug|Any CPU
		Release|Any CPU = Release|Any CPU
	EndGlobalSection
	GlobalSection(ProjectConfigurationPlatforms) = postSolution
		{5B443477-1187-4ED6-92AD-C00653EFF9DB}.Debug|Any CPU.ActiveCfg = Debug|Any CPU
		{5B443477-1187-4ED6-92AD-C00653EFF9DB}.Debug|Any CPU.Build.0 = Debug|Any CPU
		{5B443477-1187-4ED6-92AD-C00653EFF9DB}.Release|Any CPU.ActiveCfg = Release|Any CPU
		{5B443477-1187-4ED6-92AD-C00653EFF9DB}.Release|Any CPU.Build.0 = Release|Any CPU
	EndGlobalSection
	GlobalSection(SolutionProperties) = preSolution
		HideSolutionNode = FALSE
	EndGlobalSection
	GlobalSection(ExtensibilityGlobals) = postSolution
		SolutionGuid = {7491A97D-D71D-4E05-9D67-12BD657B2F0D}
	EndGlobalSection
EndGlobal
